
Microsoft Visual Studio Solution File, Format Version 12.00
# Visual Studio 15
VisualStudioVersion = 15.0.28307.1231
MinimumVisualStudioVersion = 10.0.40219.1
Project("{FAE04EC0-301F-11D3-BF4B-00C04F79EFBC}") = "Ribbon_backstage_sample", "Ribbon_backstage_sample\Ribbon_backstage_sample.csproj", "{9444BBF9-BA5F-4D3F-BFE7-AB227A633F7D}"
EndProject
Global
	GlobalSection(SolutionConfigurationPlatforms) = preSolution
		Debug|Any CPU = Debug|Any CPU
		Release|Any CPU = Release|Any CPU
	EndGlobalSection
	GlobalSection(ProjectConfigurationPlatforms) = postSolution
		{9444BBF9-BA5F-4D3F-BFE7-AB227A633F7D}.Debug|Any CPU.ActiveCfg = Debug|Any CPU
		{9444BBF9-BA5F-4D3F-BFE7-AB227A633F7D}.Debug|Any CPU.Build.0 = Debug|Any CPU
		{9444BBF9-BA5F-4D3F-BFE7-AB227A633F7D}.Release|Any CPU.ActiveCfg = Release|Any CPU
		{9444BBF9-BA5F-4D3F-BFE7-AB227A633F7D}.Release|Any CPU.Build.0 = Release|Any CPU
	EndGlobalSection
	GlobalSection(SolutionProperties) = preSolution
		HideSolutionNode = FALSE
	EndGlobalSection
	GlobalSection(ExtensibilityGlobals) = postSolution
		SolutionGuid = {C0F4DAB8-8392-4EE7-AD3A-F332814C4AC8}
	EndGlobalSection
EndGlobal
